
Microsoft Visual Studio Solution File, Format Version 12.00
# Visual Studio Version 17
VisualStudioVersion = 17.7.34003.232
MinimumVisualStudioVersion = 10.0.40219.1
Project("{FAE04EC0-301F-11D3-BF4B-00C04F79EFBC}") = "WinFormsApp1", "WinFormsApp1.csproj", "{7AAD2E97-7818-4F69-919D-399FAA28D5FF}"
EndProject
Global
	GlobalSection(SolutionConfigurationPlatforms) = preSolution
		Debug|Any CPU = Debug|Any CPU
		Release|Any CPU = Release|Any CPU
	EndGlobalSection
	GlobalSection(ProjectConfigurationPlatforms) = postSolution
		{7AAD2E97-7818-4F69-919D-399FAA28D5FF}.Debug|Any CPU.ActiveCfg = Debug|Any CPU
		{7AAD2E97-7818-4F69-919D-399FAA28D5FF}.Debug|Any CPU.Build.0 = Debug|Any CPU
		{7AAD2E97-7818-4F69-919D-399FAA28D5FF}.Release|Any CPU.ActiveCfg = Release|Any CPU
		{7AAD2E97-7818-4F69-919D-399FAA28D5FF}.Release|Any CPU.Build.0 = Release|Any CPU
	EndGlobalSection
	GlobalSection(SolutionProperties) = preSolution
		HideSolutionNode = FALSE
	EndGlobalSection
	GlobalSection(ExtensibilityGlobals) = postSolution
		SolutionGuid = {D7CB6EE4-6615-4634-AD47-ACAD93815C44}
	EndGlobalSection
EndGlobal
